
Microsoft Visual Studio Solution File, Format Version 12.00
# Visual Studio Version 16
VisualStudioVersion = 16.0.29920.165
MinimumVisualStudioVersion = 10.0.40219.1
Project("{9A19103F-16F7-4668-BE54-9A1E7A4F7556}") = "CoffeeSql.Core", "CoffeeSql.Core\CoffeeSql.Core.csproj", "{CD268DE9-98FF-4FEA-8F79-655E7593902D}"
EndProject
Project("{FAE04EC0-301F-11D3-BF4B-00C04F79EFBC}") = "test", "test\test.csproj", "{C490D2A2-A8F0-4DD0-906D-84FC5974FB1B}"
EndProject
Project("{9A19103F-16F7-4668-BE54-9A1E7A4F7556}") = "CoffeeSql.Mysql", "CoffeeSql.Mysql\CoffeeSql.Mysql.csproj", "{9DF503AA-BE63-475C-B62C-745FF6CE9834}"
EndProject
Project("{FAE04EC0-301F-11D3-BF4B-00C04F79EFBC}") = "CoffeeSQL_UnitTest", "CoffeeSQL_UnitTest\CoffeeSQL_UnitTest.csproj", "{1EBE81D8-1717-4285-A61E-B970BFDA53F9}"
EndProject
Project("{FAE04EC0-301F-11D3-BF4B-00C04F79EFBC}") = "CoffeeSql.Oracle", "CoffeeSql.Oracle\CoffeeSql.Oracle.csproj", "{6C9BF932-6C74-4E55-97E4-5175F8535AE3}"
EndProject
Project("{FAE04EC0-301F-11D3-BF4B-00C04F79EFBC}") = "CoffeeSql.Oracle.Core", "CoffeeSql.Oracle.Core\CoffeeSql.Oracle.Core.csproj", "{B8EB0D7E-41C4-48DD-97B6-0D9D1521AC8B}"
EndProject
Global
	GlobalSection(SolutionConfigurationPlatforms) = preSolution
		Debug|Any CPU = Debug|Any CPU
		Debug|ARM = Debug|ARM
		Debug|ARM64 = Debug|ARM64
		Debug|x64 = Debug|x64
		Debug|x86 = Debug|x86
		Release|Any CPU = Release|Any CPU
		Release|ARM = Release|ARM
		Release|ARM64 = Release|ARM64
		Release|x64 = Release|x64
		Release|x86 = Release|x86
	EndGlobalSection
	GlobalSection(ProjectConfigurationPlatforms) = postSolution
		{CD268DE9-98FF-4FEA-8F79-655E7593902D}.Debug|Any CPU.ActiveCfg = Debug|Any CPU
		{CD268DE9-98FF-4FEA-8F79-655E7593902D}.Debug|Any CPU.Build.0 = Debug|Any CPU
		{CD268DE9-98FF-4FEA-8F79-655E7593902D}.Debug|ARM.ActiveCfg = Debug|Any CPU
		{CD268DE9-98FF-4FEA-8F79-655E7593902D}.Debug|ARM.Build.0 = Debug|Any CPU
		{CD268DE9-98FF-4FEA-8F79-655E7593902D}.Debug|ARM64.ActiveCfg = Debug|Any CPU
		{CD268DE9-98FF-4FEA-8F79-655E7593902D}.Debug|ARM64.Build.0 = Debug|Any CPU
		{CD268DE9-98FF-4FEA-8F79-655E7593902D}.Debug|x64.ActiveCfg = Debug|Any CPU
		{CD268DE9-98FF-4FEA-8F79-655E7593902D}.Debug|x64.Build.0 = Debug|Any CPU
		{CD268DE9-98FF-4FEA-8F79-655E7593902D}.Debug|x86.ActiveCfg = Debug|Any CPU
		{CD268DE9-98FF-4FEA-8F79-655E7593902D}.Debug|x86.Build.0 = Debug|Any CPU
		{CD268DE9-98FF-4FEA-8F79-655E7593902D}.Release|Any CPU.ActiveCfg = Release|Any CPU
		{CD268DE9-98FF-4FEA-8F79-655E7593902D}.Release|Any CPU.Build.0 = Release|Any CPU
		{CD268DE9-98FF-4FEA-8F79-655E7593902D}.Release|ARM.ActiveCfg = Release|Any CPU
		{CD268DE9-98FF-4FEA-8F79-655E7593902D}.Release|ARM.Build.0 = Release|Any CPU
		{CD268DE9-98FF-4FEA-8F79-655E7593902D}.Release|ARM64.ActiveCfg = Release|Any CPU
		{CD268DE9-98FF-4FEA-8F79-655E7593902D}.Release|ARM64.Build.0 = Release|Any CPU
		{CD268DE9-98FF-4FEA-8F79-655E7593902D}.Release|x64.ActiveCfg = Release|Any CPU
		{CD268DE9-98FF-4FEA-8F79-655E7593902D}.Release|x64.Build.0 = Release|Any CPU
		{CD268DE9-98FF-4FEA-8F79-655E7593902D}.Release|x86.ActiveCfg = Release|Any CPU
		{CD268DE9-98FF-4FEA-8F79-655E7593902D}.Release|x86.Build.0 = Release|Any CPU
		{C490D2A2-A8F0-4DD0-906D-84FC5974FB1B}.Debug|Any CPU.ActiveCfg = Debug|Any CPU
		{C490D2A2-A8F0-4DD0-906D-84FC5974FB1B}.Debug|Any CPU.Build.0 = Debug|Any CPU
		{C490D2A2-A8F0-4DD0-906D-84FC5974FB1B}.Debug|ARM.ActiveCfg = Debug|Any CPU
		{C490D2A2-A8F0-4DD0-906D-84FC5974FB1B}.Debug|ARM.Build.0 = Debug|Any CPU
		{C490D2A2-A8F0-4DD0-906D-84FC5974FB1B}.Debug|ARM64.ActiveCfg = Debug|Any CPU
		{C490D2A2-A8F0-4DD0-906D-84FC5974FB1B}.Debug|ARM64.Build.0 = Debug|Any CPU
		{C490D2A2-A8F0-4DD0-906D-84FC5974FB1B}.Debug|x64.ActiveCfg = Debug|Any CPU
		{C490D2A2-A8F0-4DD0-906D-84FC5974FB1B}.Debug|x64.Build.0 = Debug|Any CPU
		{C490D2A2-A8F0-4DD0-906D-84FC5974FB1B}.Debug|x86.ActiveCfg = Debug|Any CPU
		{C490D2A2-A8F0-4DD0-906D-84FC5974FB1B}.Debug|x86.Build.0 = Debug|Any CPU
		{C490D2A2-A8F0-4DD0-906D-84FC5974FB1B}.Release|Any CPU.ActiveCfg = Release|Any CPU
		{C490D2A2-A8F0-4DD0-906D-84FC5974FB1B}.Release|Any CPU.Build.0 = Release|Any CPU
		{C490D2A2-A8F0-4DD0-906D-84FC5974FB1B}.Release|ARM.ActiveCfg = Release|Any CPU
		{C490D2A2-A8F0-4DD0-906D-84FC5974FB1B}.Release|ARM.Build.0 = Release|Any CPU
		{C490D2A2-A8F0-4DD0-906D-84FC5974FB1B}.Release|ARM64.ActiveCfg = Release|Any CPU
		{C490D2A2-A8F0-4DD0-906D-84FC5974FB1B}.Release|ARM64.Build.0 = Release|Any CPU
		{C490D2A2-A8F0-4DD0-906D-84FC5974FB1B}.Release|x64.ActiveCfg = Release|Any CPU
		{C490D2A2-A8F0-4DD0-906D-84FC5974FB1B}.Release|x64.Build.0 = Release|Any CPU
		{C490D2A2-A8F0-4DD0-906D-84FC5974FB1B}.Release|x86.ActiveCfg = Release|Any CPU
		{C490D2A2-A8F0-4DD0-906D-84FC5974FB1B}.Release|x86.Build.0 = Release|Any CPU
		{9DF503AA-BE63-475C-B62C-745FF6CE9834}.Debug|Any CPU.ActiveCfg = Debug|Any CPU
		{9DF503AA-BE63-475C-B62C-745FF6CE9834}.Debug|Any CPU.Build.0 = Debug|Any CPU
		{9DF503AA-BE63-475C-B62C-745FF6CE9834}.Debug|ARM.ActiveCfg = Debug|Any CPU
		{9DF503AA-BE63-475C-B62C-745FF6CE9834}.Debug|ARM.Build.0 = Debug|Any CPU
		{9DF503AA-BE63-475C-B62C-745FF6CE9834}.Debug|ARM64.ActiveCfg = Debug|Any CPU
		{9DF503AA-BE63-475C-B62C-745FF6CE9834}.Debug|ARM64.Build.0 = Debug|Any CPU
		{9DF503AA-BE63-475C-B62C-745FF6CE9834}.Debug|x64.ActiveCfg = Debug|Any CPU
		{9DF503AA-BE63-475C-B62C-745FF6CE9834}.Debug|x64.Build.0 = Debug|Any CPU
		{9DF503AA-BE63-475C-B62C-745FF6CE9834}.Debug|x86.ActiveCfg = Debug|Any CPU
		{9DF503AA-BE63-475C-B62C-745FF6CE9834}.Debug|x86.Build.0 = Debug|Any CPU
		{9DF503AA-BE63-475C-B62C-745FF6CE9834}.Release|Any CPU.ActiveCfg = Release|Any CPU
		{9DF503AA-BE63-475C-B62C-745FF6CE9834}.Release|Any CPU.Build.0 = Release|Any CPU
		{9DF503AA-BE63-475C-B62C-745FF6CE9834}.Release|ARM.ActiveCfg = Release|Any CPU
		{9DF503AA-BE63-475C-B62C-745FF6CE9834}.Release|ARM.Build.0 = Release|Any CPU
		{9DF503AA-BE63-475C-B62C-745FF6CE9834}.Release|ARM64.ActiveCfg = Release|Any CPU
		{9DF503AA-BE63-475C-B62C-745FF6CE9834}.Release|ARM64.Build.0 = Release|Any CPU
		{9DF503AA-BE63-475C-B62C-745FF6CE9834}.Release|x64.ActiveCfg = Release|Any CPU
		{9DF503AA-BE63-475C-B62C-745FF6CE9834}.Release|x64.Build.0 = Release|Any CPU
		{9DF503AA-BE63-475C-B62C-745FF6CE9834}.Release|x86.ActiveCfg = Release|Any CPU
		{9DF503AA-BE63-475C-B62C-745FF6CE9834}.Release|x86.Build.0 = Release|Any CPU
		{1EBE81D8-1717-4285-A61E-B970BFDA53F9}.Debug|Any CPU.ActiveCfg = Debug|Any CPU
		{1EBE81D8-1717-4285-A61E-B970BFDA53F9}.Debug|Any CPU.Build.0 = Debug|Any CPU
		{1EBE81D8-1717-4285-A61E-B970BFDA53F9}.Debug|ARM.ActiveCfg = Debug|Any CPU
		{1EBE81D8-1717-4285-A61E-B970BFDA53F9}.Debug|ARM.Build.0 = Debug|Any CPU
		{1EBE81D8-1717-4285-A61E-B970BFDA53F9}.Debug|ARM64.ActiveCfg = Debug|Any CPU
		{1EBE81D8-1717-4285-A61E-B970BFDA53F9}.Debug|ARM64.Build.0 = Debug|Any CPU
		{1EBE81D8-1717-4285-A61E-B970BFDA53F9}.Debug|x64.ActiveCfg = Debug|Any CPU
		{1EBE81D8-1717-4285-A61E-B970BFDA53F9}.Debug|x64.Build.0 = Debug|Any CPU
		{1EBE81D8-1717-4285-A61E-B970BFDA53F9}.Debug|x86.ActiveCfg = Debug|Any CPU
		{1EBE81D8-1717-4285-A61E-B970BFDA53F9}.Debug|x86.Build.0 = Debug|Any CPU
		{1EBE81D8-1717-4285-A61E-B970BFDA53F9}.Release|Any CPU.ActiveCfg = Release|Any CPU
		{1EBE81D8-1717-4285-A61E-B970BFDA53F9}.Release|Any CPU.Build.0 = Release|Any CPU
		{1EBE81D8-1717-4285-A61E-B970BFDA53F9}.Release|ARM.ActiveCfg = Release|Any CPU
		{1EBE81D8-1717-4285-A61E-B970BFDA53F9}.Release|ARM.Build.0 = Release|Any CPU
		{1EBE81D8-1717-4285-A61E-B970BFDA53F9}.Release|ARM64.ActiveCfg = Release|Any CPU
		{1EBE81D8-1717-4285-A61E-B970BFDA53F9}.Release|ARM64.Build.0 = Release|Any CPU
		{1EBE81D8-1717-4285-A61E-B970BFDA53F9}.Release|x64.ActiveCfg = Release|Any CPU
		{1EBE81D8-1717-4285-A61E-B970BFDA53F9}.Release|x64.Build.0 = Release|Any CPU
		{1EBE81D8-1717-4285-A61E-B970BFDA53F9}.Release|x86.ActiveCfg = Release|Any CPU
		{1EBE81D8-1717-4285-A61E-B970BFDA53F9}.Release|x86.Build.0 = Release|Any CPU
		{6C9BF932-6C74-4E55-97E4-5175F8535AE3}.Debug|Any CPU.ActiveCfg = Debug|Any CPU
		{6C9BF932-6C74-4E55-97E4-5175F8535AE3}.Debug|Any CPU.Build.0 = Debug|Any CPU
		{6C9BF932-6C74-4E55-97E4-5175F8535AE3}.Debug|ARM.ActiveCfg = Debug|Any CPU
		{6C9BF932-6C74-4E55-97E4-5175F8535AE3}.Debug|ARM.Build.0 = Debug|Any CPU
		{6C9BF932-6C74-4E55-97E4-5175F8535AE3}.Debug|ARM64.ActiveCfg = Debug|Any CPU
		{6C9BF932-6C74-4E55-97E4-5175F8535AE3}.Debug|ARM64.Build.0 = Debug|Any CPU
		{6C9BF932-6C74-4E55-97E4-5175F8535AE3}.Debug|x64.ActiveCfg = Debug|Any CPU
		{6C9BF932-6C74-4E55-97E4-5175F8535AE3}.Debug|x64.Build.0 = Debug|Any CPU
		{6C9BF932-6C74-4E55-97E4-5175F8535AE3}.Debug|x86.ActiveCfg = Debug|Any CPU
		{6C9BF932-6C74-4E55-97E4-5175F8535AE3}.Debug|x86.Build.0 = Debug|Any CPU
		{6C9BF932-6C74-4E55-97E4-5175F8535AE3}.Release|Any CPU.ActiveCfg = Release|Any CPU
		{6C9BF932-6C74-4E55-97E4-5175F8535AE3}.Release|Any CPU.Build.0 = Release|Any CPU
		{6C9BF932-6C74-4E55-97E4-5175F8535AE3}.Release|ARM.ActiveCfg = Release|Any CPU
		{6C9BF932-6C74-4E55-97E4-5175F8535AE3}.Release|ARM.Build.0 = Release|Any CPU
		{6C9BF932-6C74-4E55-97E4-5175F8535AE3}.Release|ARM64.ActiveCfg = Release|Any CPU
		{6C9BF932-6C74-4E55-97E4-5175F8535AE3}.Release|ARM64.Build.0 = Release|Any CPU
		{6C9BF932-6C74-4E55-97E4-5175F8535AE3}.Release|x64.ActiveCfg = Release|Any CPU
		{6C9BF932-6C74-4E55-97E4-5175F8535AE3}.Release|x64.Build.0 = Release|Any CPU
		{6C9BF932-6C74-4E55-97E4-5175F8535AE3}.Release|x86.ActiveCfg = Release|Any CPU
		{6C9BF932-6C74-4E55-97E4-5175F8535AE3}.Release|x86.Build.0 = Release|Any CPU
		{B8EB0D7E-41C4-48DD-97B6-0D9D1521AC8B}.Debug|Any CPU.ActiveCfg = Debug|Any CPU
		{B8EB0D7E-41C4-48DD-97B6-0D9D1521AC8B}.Debug|Any CPU.Build.0 = Debug|Any CPU
		{B8EB0D7E-41C4-48DD-97B6-0D9D1521AC8B}.Debug|ARM.ActiveCfg = Debug|Any CPU
		{B8EB0D7E-41C4-48DD-97B6-0D9D1521AC8B}.Debug|ARM.Build.0 = Debug|Any CPU
		{B8EB0D7E-41C4-48DD-97B6-0D9D1521AC8B}.Debug|ARM64.ActiveCfg = Debug|Any CPU
		{B8EB0D7E-41C4-48DD-97B6-0D9D1521AC8B}.Debug|ARM64.Build.0 = Debug|Any CPU
		{B8EB0D7E-41C4-48DD-97B6-0D9D1521AC8B}.Debug|x64.ActiveCfg = Debug|Any CPU
		{B8EB0D7E-41C4-48DD-97B6-0D9D1521AC8B}.Debug|x64.Build.0 = Debug|Any CPU
		{B8EB0D7E-41C4-48DD-97B6-0D9D1521AC8B}.Debug|x86.ActiveCfg = Debug|Any CPU
		{B8EB0D7E-41C4-48DD-97B6-0D9D1521AC8B}.Debug|x86.Build.0 = Debug|Any CPU
		{B8EB0D7E-41C4-48DD-97B6-0D9D1521AC8B}.Release|Any CPU.ActiveCfg = Release|Any CPU
		{B8EB0D7E-41C4-48DD-97B6-0D9D1521AC8B}.Release|Any CPU.Build.0 = Release|Any CPU
		{B8EB0D7E-41C4-48DD-97B6-0D9D1521AC8B}.Release|ARM.ActiveCfg = Release|Any CPU
		{B8EB0D7E-41C4-48DD-97B6-0D9D1521AC8B}.Release|ARM.Build.0 = Release|Any CPU
		{B8EB0D7E-41C4-48DD-97B6-0D9D1521AC8B}.Release|ARM64.ActiveCfg = Release|Any CPU
		{B8EB0D7E-41C4-48DD-97B6-0D9D1521AC8B}.Release|ARM64.Build.0 = Release|Any CPU
		{B8EB0D7E-41C4-48DD-97B6-0D9D1521AC8B}.Release|x64.ActiveCfg = Release|Any CPU
		{B8EB0D7E-41C4-48DD-97B6-0D9D1521AC8B}.Release|x64.Build.0 = Release|Any CPU
		{B8EB0D7E-41C4-48DD-97B6-0D9D1521AC8B}.Release|x86.ActiveCfg = Release|Any CPU
		{B8EB0D7E-41C4-48DD-97B6-0D9D1521AC8B}.Release|x86.Build.0 = Release|Any CPU
	EndGlobalSection
	GlobalSection(SolutionProperties) = preSolution
		HideSolutionNode = FALSE
	EndGlobalSection
	GlobalSection(ExtensibilityGlobals) = postSolution
		SolutionGuid = {54619582-56A5-47A6-AC38-E14D87021DF5}
	EndGlobalSection
EndGlobal
